
Microsoft Visual Studio Solution File, Format Version 12.00
# Visual Studio Version 17
VisualStudioVersion = 17.12.35514.174
MinimumVisualStudioVersion = 10.0.40219.1
Project("{2150E333-8FDC-42A3-9474-1A3956D46DE8}") = "Web", "Web", "{72FB4EB9-F3D5-4476-8213-3B45BE923070}"
EndProject
Project("{FAE04EC0-301F-11D3-BF4B-00C04F79EFBC}") = "SmartOps", "Web\SmartOps\SmartOps.csproj", "{87AC35D1-AB0C-4CAF-914F-840AB9ED46F4}"
EndProject
Project("{2150E333-8FDC-42A3-9474-1A3956D46DE8}") = "Infrastructure", "Infrastructure", "{5E4FA554-F4C3-4CB1-B708-2B7E36D32A04}"
EndProject
Project("{FAE04EC0-301F-11D3-BF4B-00C04F79EFBC}") = "Data", "Infrastructure\Data\Data.csproj", "{81B08626-3DBB-4271-A84B-53D74935B233}"
EndProject
Project("{FAE04EC0-301F-11D3-BF4B-00C04F79EFBC}") = "Model", "Infrastructure\Model\Model.csproj", "{96E11FD4-FBE3-4DCC-952B-95F84FE507A0}"
EndProject
Project("{FAE04EC0-301F-11D3-BF4B-00C04F79EFBC}") = "Service", "Infrastructure\Service\Service.csproj", "{A69C2BE6-F642-4A56-9D1F-D0DB04199092}"
EndProject
Project("{2150E333-8FDC-42A3-9474-1A3956D46DE8}") = "Helper", "Helper", "{A84A6F52-32CD-49FA-B534-A165DC271F66}"
EndProject
Project("{FAE04EC0-301F-11D3-BF4B-00C04F79EFBC}") = "Utility", "Helper\Utility\Utility.csproj", "{08EA182A-83A5-4FC4-833A-B26DFF268E25}"
EndProject
Global
	GlobalSection(SolutionConfigurationPlatforms) = preSolution
		Debug|Any CPU = Debug|Any CPU
		Release|Any CPU = Release|Any CPU
	EndGlobalSection
	GlobalSection(ProjectConfigurationPlatforms) = postSolution
		{87AC35D1-AB0C-4CAF-914F-840AB9ED46F4}.Debug|Any CPU.ActiveCfg = Debug|Any CPU
		{87AC35D1-AB0C-4CAF-914F-840AB9ED46F4}.Debug|Any CPU.Build.0 = Debug|Any CPU
		{87AC35D1-AB0C-4CAF-914F-840AB9ED46F4}.Release|Any CPU.ActiveCfg = Release|Any CPU
		{87AC35D1-AB0C-4CAF-914F-840AB9ED46F4}.Release|Any CPU.Build.0 = Release|Any CPU
		{81B08626-3DBB-4271-A84B-53D74935B233}.Debug|Any CPU.ActiveCfg = Debug|Any CPU
		{81B08626-3DBB-4271-A84B-53D74935B233}.Debug|Any CPU.Build.0 = Debug|Any CPU
		{81B08626-3DBB-4271-A84B-53D74935B233}.Release|Any CPU.ActiveCfg = Release|Any CPU
		{81B08626-3DBB-4271-A84B-53D74935B233}.Release|Any CPU.Build.0 = Release|Any CPU
		{96E11FD4-FBE3-4DCC-952B-95F84FE507A0}.Debug|Any CPU.ActiveCfg = Debug|Any CPU
		{96E11FD4-FBE3-4DCC-952B-95F84FE507A0}.Debug|Any CPU.Build.0 = Debug|Any CPU
		{96E11FD4-FBE3-4DCC-952B-95F84FE507A0}.Release|Any CPU.ActiveCfg = Release|Any CPU
		{96E11FD4-FBE3-4DCC-952B-95F84FE507A0}.Release|Any CPU.Build.0 = Release|Any CPU
		{A69C2BE6-F642-4A56-9D1F-D0DB04199092}.Debug|Any CPU.ActiveCfg = Debug|Any CPU
		{A69C2BE6-F642-4A56-9D1F-D0DB04199092}.Debug|Any CPU.Build.0 = Debug|Any CPU
		{A69C2BE6-F642-4A56-9D1F-D0DB04199092}.Release|Any CPU.ActiveCfg = Release|Any CPU
		{A69C2BE6-F642-4A56-9D1F-D0DB04199092}.Release|Any CPU.Build.0 = Release|Any CPU
		{08EA182A-83A5-4FC4-833A-B26DFF268E25}.Debug|Any CPU.ActiveCfg = Debug|Any CPU
		{08EA182A-83A5-4FC4-833A-B26DFF268E25}.Debug|Any CPU.Build.0 = Debug|Any CPU
		{08EA182A-83A5-4FC4-833A-B26DFF268E25}.Release|Any CPU.ActiveCfg = Release|Any CPU
		{08EA182A-83A5-4FC4-833A-B26DFF268E25}.Release|Any CPU.Build.0 = Release|Any CPU
	EndGlobalSection
	GlobalSection(SolutionProperties) = preSolution
		HideSolutionNode = FALSE
	EndGlobalSection
	GlobalSection(NestedProjects) = preSolution
		{87AC35D1-AB0C-4CAF-914F-840AB9ED46F4} = {72FB4EB9-F3D5-4476-8213-3B45BE923070}
		{81B08626-3DBB-4271-A84B-53D74935B233} = {5E4FA554-F4C3-4CB1-B708-2B7E36D32A04}
		{96E11FD4-FBE3-4DCC-952B-95F84FE507A0} = {5E4FA554-F4C3-4CB1-B708-2B7E36D32A04}
		{A69C2BE6-F642-4A56-9D1F-D0DB04199092} = {5E4FA554-F4C3-4CB1-B708-2B7E36D32A04}
		{08EA182A-83A5-4FC4-833A-B26DFF268E25} = {A84A6F52-32CD-49FA-B534-A165DC271F66}
	EndGlobalSection
EndGlobal
